
Microsoft Visual Studio Solution File, Format Version 12.00
# Visual Studio Version 17
VisualStudioVersion = 17.4.33205.214
MinimumVisualStudioVersion = 10.0.40219.1
Project("{9A19103F-16F7-4668-BE54-9A1E7A4F7556}") = "Lyte.Libraries.Common", "src\Lyte.Libraries.Common\Lyte.Libraries.Common.csproj", "{DE49E283-D2B4-4B1B-ACEA-5536F8389D85}"
EndProject
Project("{9A19103F-16F7-4668-BE54-9A1E7A4F7556}") = "Lyte.Libraries.DataTables", "src\Lyte.Libraries.DataTables\Lyte.Libraries.DataTables.csproj", "{978B5ADF-714B-4CE5-89EA-62854B7BB03D}"
EndProject
Project("{9A19103F-16F7-4668-BE54-9A1E7A4F7556}") = "Lyte.Libraries.Domain", "src\Lyte.Libraries.Domain\Lyte.Libraries.Domain.csproj", "{C2DBD8AD-1251-4C21-927A-CDDA7B20B249}"
EndProject
Project("{9A19103F-16F7-4668-BE54-9A1E7A4F7556}") = "Lyte.Libraries.Common.Tests", "tests\Lyte.Libraries.Common.Tests\Lyte.Libraries.Common.Tests.csproj", "{8EC5355E-7BFA-4240-9471-00D9B8862E68}"
EndProject
Project("{9A19103F-16F7-4668-BE54-9A1E7A4F7556}") = "Lyte.Libraries.Domain.Tests", "tests\Lyte.Libraries.Domain.Tests\Lyte.Libraries.Domain.Tests.csproj", "{3DC2DF4A-2904-48BE-875A-D8451E5F0419}"
EndProject
Project("{9A19103F-16F7-4668-BE54-9A1E7A4F7556}") = "Lyte.Libraries.DataTables.Tests", "tests\Lyte.Libraries.DataTables.Tests\Lyte.Libraries.DataTables.Tests.csproj", "{5DA0BDBB-74B2-4BE6-BBE9-54C480E6F770}"
EndProject
Project("{2150E333-8FDC-42A3-9474-1A3956D46DE8}") = "Src", "Src", "{B82A44B4-176B-4064-BF23-2F38EEC8612A}"
EndProject
Project("{2150E333-8FDC-42A3-9474-1A3956D46DE8}") = "Tests", "Tests", "{CB6BC876-0ED2-4EBE-9976-E73C5BC48EDB}"
EndProject
Project("{9A19103F-16F7-4668-BE54-9A1E7A4F7556}") = "Lyte.Libraries.Web", "src\Lyte.Libraries.Web\Lyte.Libraries.Web.csproj", "{25EBC37E-F471-41F5-9B4D-5905BBD9AEF5}"
EndProject
Project("{9A19103F-16F7-4668-BE54-9A1E7A4F7556}") = "Lyte.Libraries.Web.Tests", "tests\Lyte.Libraries.Web.Tests\Lyte.Libraries.Web.Tests.csproj", "{EDFF8B87-5D9B-4B87-A15C-5490016A8B07}"
EndProject
Project("{9A19103F-16F7-4668-BE54-9A1E7A4F7556}") = "Lyte.Libraries.Web.Mvc", "src\Lyte.Libraries.Web.Mvc\Lyte.Libraries.Web.Mvc.csproj", "{6B371BF8-83F5-4EA3-9FA4-088EC32C8B5E}"
EndProject
Project("{9A19103F-16F7-4668-BE54-9A1E7A4F7556}") = "Lyte.Libraries.Web.Mvc.Tests", "tests\Lyte.Libraries.Web.Mvc.Tests\Lyte.Libraries.Web.Mvc.Tests.csproj", "{DFF84B3D-E970-4233-9984-9D1469400945}"
EndProject
Global
	GlobalSection(SolutionConfigurationPlatforms) = preSolution
		Debug|Any CPU = Debug|Any CPU
		Release|Any CPU = Release|Any CPU
	EndGlobalSection
	GlobalSection(ProjectConfigurationPlatforms) = postSolution
		{DE49E283-D2B4-4B1B-ACEA-5536F8389D85}.Debug|Any CPU.ActiveCfg = Debug|Any CPU
		{DE49E283-D2B4-4B1B-ACEA-5536F8389D85}.Debug|Any CPU.Build.0 = Debug|Any CPU
		{DE49E283-D2B4-4B1B-ACEA-5536F8389D85}.Release|Any CPU.ActiveCfg = Release|Any CPU
		{DE49E283-D2B4-4B1B-ACEA-5536F8389D85}.Release|Any CPU.Build.0 = Release|Any CPU
		{978B5ADF-714B-4CE5-89EA-62854B7BB03D}.Debug|Any CPU.ActiveCfg = Debug|Any CPU
		{978B5ADF-714B-4CE5-89EA-62854B7BB03D}.Debug|Any CPU.Build.0 = Debug|Any CPU
		{978B5ADF-714B-4CE5-89EA-62854B7BB03D}.Release|Any CPU.ActiveCfg = Release|Any CPU
		{978B5ADF-714B-4CE5-89EA-62854B7BB03D}.Release|Any CPU.Build.0 = Release|Any CPU
		{C2DBD8AD-1251-4C21-927A-CDDA7B20B249}.Debug|Any CPU.ActiveCfg = Debug|Any CPU
		{C2DBD8AD-1251-4C21-927A-CDDA7B20B249}.Debug|Any CPU.Build.0 = Debug|Any CPU
		{C2DBD8AD-1251-4C21-927A-CDDA7B20B249}.Release|Any CPU.ActiveCfg = Release|Any CPU
		{C2DBD8AD-1251-4C21-927A-CDDA7B20B249}.Release|Any CPU.Build.0 = Release|Any CPU
		{8EC5355E-7BFA-4240-9471-00D9B8862E68}.Debug|Any CPU.ActiveCfg = Debug|Any CPU
		{8EC5355E-7BFA-4240-9471-00D9B8862E68}.Debug|Any CPU.Build.0 = Debug|Any CPU
		{8EC5355E-7BFA-4240-9471-00D9B8862E68}.Release|Any CPU.ActiveCfg = Release|Any CPU
		{8EC5355E-7BFA-4240-9471-00D9B8862E68}.Release|Any CPU.Build.0 = Release|Any CPU
		{3DC2DF4A-2904-48BE-875A-D8451E5F0419}.Debug|Any CPU.ActiveCfg = Debug|Any CPU
		{3DC2DF4A-2904-48BE-875A-D8451E5F0419}.Debug|Any CPU.Build.0 = Debug|Any CPU
		{3DC2DF4A-2904-48BE-875A-D8451E5F0419}.Release|Any CPU.ActiveCfg = Release|Any CPU
		{3DC2DF4A-2904-48BE-875A-D8451E5F0419}.Release|Any CPU.Build.0 = Release|Any CPU
		{5DA0BDBB-74B2-4BE6-BBE9-54C480E6F770}.Debug|Any CPU.ActiveCfg = Debug|Any CPU
		{5DA0BDBB-74B2-4BE6-BBE9-54C480E6F770}.Debug|Any CPU.Build.0 = Debug|Any CPU
		{5DA0BDBB-74B2-4BE6-BBE9-54C480E6F770}.Release|Any CPU.ActiveCfg = Release|Any CPU
		{5DA0BDBB-74B2-4BE6-BBE9-54C480E6F770}.Release|Any CPU.Build.0 = Release|Any CPU
		{25EBC37E-F471-41F5-9B4D-5905BBD9AEF5}.Debug|Any CPU.ActiveCfg = Debug|Any CPU
		{25EBC37E-F471-41F5-9B4D-5905BBD9AEF5}.Debug|Any CPU.Build.0 = Debug|Any CPU
		{25EBC37E-F471-41F5-9B4D-5905BBD9AEF5}.Release|Any CPU.ActiveCfg = Release|Any CPU
		{25EBC37E-F471-41F5-9B4D-5905BBD9AEF5}.Release|Any CPU.Build.0 = Release|Any CPU
		{EDFF8B87-5D9B-4B87-A15C-5490016A8B07}.Debug|Any CPU.ActiveCfg = Debug|Any CPU
		{EDFF8B87-5D9B-4B87-A15C-5490016A8B07}.Debug|Any CPU.Build.0 = Debug|Any CPU
		{EDFF8B87-5D9B-4B87-A15C-5490016A8B07}.Release|Any CPU.ActiveCfg = Release|Any CPU
		{EDFF8B87-5D9B-4B87-A15C-5490016A8B07}.Release|Any CPU.Build.0 = Release|Any CPU
		{6B371BF8-83F5-4EA3-9FA4-088EC32C8B5E}.Debug|Any CPU.ActiveCfg = Debug|Any CPU
		{6B371BF8-83F5-4EA3-9FA4-088EC32C8B5E}.Debug|Any CPU.Build.0 = Debug|Any CPU
		{6B371BF8-83F5-4EA3-9FA4-088EC32C8B5E}.Release|Any CPU.ActiveCfg = Release|Any CPU
		{6B371BF8-83F5-4EA3-9FA4-088EC32C8B5E}.Release|Any CPU.Build.0 = Release|Any CPU
		{DFF84B3D-E970-4233-9984-9D1469400945}.Debug|Any CPU.ActiveCfg = Debug|Any CPU
		{DFF84B3D-E970-4233-9984-9D1469400945}.Debug|Any CPU.Build.0 = Debug|Any CPU
		{DFF84B3D-E970-4233-9984-9D1469400945}.Release|Any CPU.ActiveCfg = Release|Any CPU
		{DFF84B3D-E970-4233-9984-9D1469400945}.Release|Any CPU.Build.0 = Release|Any CPU
	EndGlobalSection
	GlobalSection(SolutionProperties) = preSolution
		HideSolutionNode = FALSE
	EndGlobalSection
	GlobalSection(NestedProjects) = preSolution
		{DE49E283-D2B4-4B1B-ACEA-5536F8389D85} = {B82A44B4-176B-4064-BF23-2F38EEC8612A}
		{978B5ADF-714B-4CE5-89EA-62854B7BB03D} = {B82A44B4-176B-4064-BF23-2F38EEC8612A}
		{C2DBD8AD-1251-4C21-927A-CDDA7B20B249} = {B82A44B4-176B-4064-BF23-2F38EEC8612A}
		{8EC5355E-7BFA-4240-9471-00D9B8862E68} = {CB6BC876-0ED2-4EBE-9976-E73C5BC48EDB}
		{3DC2DF4A-2904-48BE-875A-D8451E5F0419} = {CB6BC876-0ED2-4EBE-9976-E73C5BC48EDB}
		{5DA0BDBB-74B2-4BE6-BBE9-54C480E6F770} = {CB6BC876-0ED2-4EBE-9976-E73C5BC48EDB}
		{25EBC37E-F471-41F5-9B4D-5905BBD9AEF5} = {B82A44B4-176B-4064-BF23-2F38EEC8612A}
		{EDFF8B87-5D9B-4B87-A15C-5490016A8B07} = {CB6BC876-0ED2-4EBE-9976-E73C5BC48EDB}
		{6B371BF8-83F5-4EA3-9FA4-088EC32C8B5E} = {B82A44B4-176B-4064-BF23-2F38EEC8612A}
		{DFF84B3D-E970-4233-9984-9D1469400945} = {CB6BC876-0ED2-4EBE-9976-E73C5BC48EDB}
	EndGlobalSection
	GlobalSection(ExtensibilityGlobals) = postSolution
		SolutionGuid = {2C845760-B0D2-4158-9EE9-59A476FCD539}
	EndGlobalSection
EndGlobal
